
Microsoft Visual Studio Solution File, Format Version 12.00
# Visual Studio Version 17
VisualStudioVersion = 17.0.32126.317
MinimumVisualStudioVersion = 10.0.40219.1
Project("{FAE04EC0-301F-11D3-BF4B-00C04F79EFBC}") = "CrudTeste", "CrudTeste\CrudTeste.csproj", "{6A5C32DD-A5CB-40CC-B064-C83772DE5949}"
EndProject
Global
	GlobalSection(SolutionConfigurationPlatforms) = preSolution
		Debug|Any CPU = Debug|Any CPU
		Release|Any CPU = Release|Any CPU
	EndGlobalSection
	GlobalSection(ProjectConfigurationPlatforms) = postSolution
		{6A5C32DD-A5CB-40CC-B064-C83772DE5949}.Debug|Any CPU.ActiveCfg = Debug|Any CPU
		{6A5C32DD-A5CB-40CC-B064-C83772DE5949}.Debug|Any CPU.Build.0 = Debug|Any CPU
		{6A5C32DD-A5CB-40CC-B064-C83772DE5949}.Release|Any CPU.ActiveCfg = Release|Any CPU
		{6A5C32DD-A5CB-40CC-B064-C83772DE5949}.Release|Any CPU.Build.0 = Release|Any CPU
	EndGlobalSection
	GlobalSection(SolutionProperties) = preSolution
		HideSolutionNode = FALSE
	EndGlobalSection
	GlobalSection(ExtensibilityGlobals) = postSolution
		SolutionGuid = {CE7AEBA4-65E1-422B-B4D8-0AF4BE023F21}
	EndGlobalSection
EndGlobal
